// !$*UTF8*$!
{
	archiveVersion = 1;
	classes = {
	};
	objectVersion = 60;
	objects = {

/* Begin PBXBuildFile section */
		233FF8402C2B6715006724FB /* Assets.xcassets in Resources */ = {isa = PBXBuildFile; fileRef = 233FF83F2C2B6715006724FB /* Assets.xcassets */; };
		2383CC382C7EE0F30006B555 /* FirebaseAuth in Frameworks */ = {isa = PBXBuildFile; productRef = 2383CC372C7EE0F30006B555 /* FirebaseAuth */; };
		2383CC3A2C7EE0F30006B555 /* FirebaseFirestore in Frameworks */ = {isa = PBXBuildFile; productRef = 2383CC392C7EE0F30006B555 /* FirebaseFirestore */; };
		23EFB1ED2C877202002166B7 /* DaliAPPApp.swift in Sources */ = {isa = PBXBuildFile; fileRef = 23EFB1EB2C877202002166B7 /* DaliAPPApp.swift */; };
		23EFB1F12C87720B002166B7 /* SettingRowView.swift in Sources */ = {isa = PBXBuildFile; fileRef = 23EFB1EF2C87720B002166B7 /* SettingRowView.swift */; };
		23EFB1F22C87720B002166B7 /* InputView.swift in Sources */ = {isa = PBXBuildFile; fileRef = 23EFB1EE2C87720B002166B7 /* InputView.swift */; };
		23EFB1FE2C877219002166B7 /* AuthViewModel.swift in Sources */ = {isa = PBXBuildFile; fileRef = 23EFB1F62C877219002166B7 /* AuthViewModel.swift */; };
		23EFB1FF2C877219002166B7 /* ProfileView.swift in Sources */ = {isa = PBXBuildFile; fileRef = 23EFB1F92C877219002166B7 /* ProfileView.swift */; };
		23EFB2002C877219002166B7 /* LoginView.swift in Sources */ = {isa = PBXBuildFile; fileRef = 23EFB1F32C877219002166B7 /* LoginView.swift */; };
		23EFB2012C877219002166B7 /* ContentView.swift in Sources */ = {isa = PBXBuildFile; fileRef = 23EFB1FB2C877219002166B7 /* ContentView.swift */; };
		23EFB2022C877219002166B7 /* RegistrationView.swift in Sources */ = {isa = PBXBuildFile; fileRef = 23EFB1F42C877219002166B7 /* RegistrationView.swift */; };
		23EFB2052C877229002166B7 /* User.swift in Sources */ = {isa = PBXBuildFile; fileRef = 23EFB2032C877229002166B7 /* User.swift */; };
		23EFB20A2C8772B3002166B7 /* Preview Assets.xcassets in Resources */ = {isa = PBXBuildFile; fileRef = 23EFB2082C8772B3002166B7 /* Preview Assets.xcassets */; };
		23EFB20C2C877396002166B7 /* GoogleService-Info.plist in Resources */ = {isa = PBXBuildFile; fileRef = 23EFB20B2C877396002166B7 /* GoogleService-Info.plist */; };
/* End PBXBuildFile section */

/* Begin PBXFileReference section */
		233FF8382C2B6714006724FB /* dali-app.app */ = {isa = PBXFileReference; explicitFileType = wrapper.application; includeInIndex = 0; path = "dali-app.app"; sourceTree = BUILT_PRODUCTS_DIR; };
		233FF83F2C2B6715006724FB /* Assets.xcassets */ = {isa = PBXFileReference; lastKnownFileType = folder.assetcatalog; path = Assets.xcassets; sourceTree = "<group>"; };
		23EFB1EB2C877202002166B7 /* DaliAPPApp.swift */ = {isa = PBXFileReference; lastKnownFileType = sourcecode.swift; path = DaliAPPApp.swift; sourceTree = "<group>"; };
		23EFB1EE2C87720B002166B7 /* InputView.swift */ = {isa = PBXFileReference; lastKnownFileType = sourcecode.swift; path = InputView.swift; sourceTree = "<group>"; };
		23EFB1EF2C87720B002166B7 /* SettingRowView.swift */ = {isa = PBXFileReference; lastKnownFileType = sourcecode.swift; path = SettingRowView.swift; sourceTree = "<group>"; };
		23EFB1F32C877219002166B7 /* LoginView.swift */ = {isa = PBXFileReference; lastKnownFileType = sourcecode.swift; path = LoginView.swift; sourceTree = "<group>"; };
		23EFB1F42C877219002166B7 /* RegistrationView.swift */ = {isa = PBXFileReference; lastKnownFileType = sourcecode.swift; path = RegistrationView.swift; sourceTree = "<group>"; };
		23EFB1F62C877219002166B7 /* AuthViewModel.swift */ = {isa = PBXFileReference; lastKnownFileType = sourcecode.swift; path = AuthViewModel.swift; sourceTree = "<group>"; };
		23EFB1F92C877219002166B7 /* ProfileView.swift */ = {isa = PBXFileReference; lastKnownFileType = sourcecode.swift; path = ProfileView.swift; sourceTree = "<group>"; };
		23EFB1FB2C877219002166B7 /* ContentView.swift */ = {isa = PBXFileReference; lastKnownFileType = sourcecode.swift; path = ContentView.swift; sourceTree = "<group>"; };
		23EFB2032C877229002166B7 /* User.swift */ = {isa = PBXFileReference; lastKnownFileType = sourcecode.swift; path = User.swift; sourceTree = "<group>"; };
		23EFB2082C8772B3002166B7 /* Preview Assets.xcassets */ = {isa = PBXFileReference; lastKnownFileType = folder.assetcatalog; path = "Preview Assets.xcassets"; sourceTree = "<group>"; };
		23EFB20B2C877396002166B7 /* GoogleService-Info.plist */ = {isa = PBXFileReference; lastKnownFileType = text.plist.xml; path = "GoogleService-Info.plist"; sourceTree = "<group>"; };
/* End PBXFileReference section */

/* Begin PBXFrameworksBuildPhase section */
		233FF8352C2B6714006724FB /* Frameworks */ = {
			isa = PBXFrameworksBuildPhase;
			buildActionMask = 2147483647;
			files = (
				2383CC382C7EE0F30006B555 /* FirebaseAuth in Frameworks */,
				2383CC3A2C7EE0F30006B555 /* FirebaseFirestore in Frameworks */,
			);
			runOnlyForDeploymentPostprocessing = 0;
		};
/* End PBXFrameworksBuildPhase section */

/* Begin PBXGroup section */
		233FF82F2C2B6714006724FB = {
			isa = PBXGroup;
			children = (
				233FF83A2C2B6714006724FB /* dali-app */,
				233FF8392C2B6714006724FB /* Products */,
			);
			sourceTree = "<group>";
		};
		233FF8392C2B6714006724FB /* Products */ = {
			isa = PBXGroup;
			children = (
				233FF8382C2B6714006724FB /* dali-app.app */,
			);
			name = Products;
			sourceTree = "<group>";
		};
		233FF83A2C2B6714006724FB /* dali-app */ = {
			isa = PBXGroup;
			children = (
				23EFB1EC2C877202002166B7 /* App */,
				23EFB1F02C87720B002166B7 /* Components */,
				23EFB1FD2C877219002166B7 /* Core */,
				23EFB2042C877229002166B7 /* Model */,
				233FF83F2C2B6715006724FB /* Assets.xcassets */,
				23EFB20B2C877396002166B7 /* GoogleService-Info.plist */,
				23EFB2092C8772B3002166B7 /* Preview Content */,
			);
			path = "dali-app";
			sourceTree = "<group>";
		};
		23EFB1EC2C877202002166B7 /* App */ = {
			isa = PBXGroup;
			children = (
				23EFB1EB2C877202002166B7 /* DaliAPPApp.swift */,
			);
			path = App;
			sourceTree = "<group>";
		};
		23EFB1F02C87720B002166B7 /* Components */ = {
			isa = PBXGroup;
			children = (
				23EFB1EE2C87720B002166B7 /* InputView.swift */,
				23EFB1EF2C87720B002166B7 /* SettingRowView.swift */,
			);
			path = Components;
			sourceTree = "<group>";
		};
		23EFB1F52C877219002166B7 /* View */ = {
			isa = PBXGroup;
			children = (
				23EFB1F32C877219002166B7 /* LoginView.swift */,
				23EFB1F42C877219002166B7 /* RegistrationView.swift */,
			);
			path = View;
			sourceTree = "<group>";
		};
		23EFB1F72C877219002166B7 /* ViewModel */ = {
			isa = PBXGroup;
			children = (
				23EFB1F62C877219002166B7 /* AuthViewModel.swift */,
			);
			path = ViewModel;
			sourceTree = "<group>";
		};
		23EFB1F82C877219002166B7 /* Authentication */ = {
			isa = PBXGroup;
			children = (
				23EFB1F52C877219002166B7 /* View */,
				23EFB1F72C877219002166B7 /* ViewModel */,
			);
			path = Authentication;
			sourceTree = "<group>";
		};
		23EFB1FA2C877219002166B7 /* Profile */ = {
			isa = PBXGroup;
			children = (
				23EFB1F92C877219002166B7 /* ProfileView.swift */,
			);
			path = Profile;
			sourceTree = "<group>";
		};
		23EFB1FC2C877219002166B7 /* Root */ = {
			isa = PBXGroup;
			children = (
				23EFB1FB2C877219002166B7 /* ContentView.swift */,
			);
			path = Root;
			sourceTree = "<group>";
		};
		23EFB1FD2C877219002166B7 /* Core */ = {
			isa = PBXGroup;
			children = (
				23EFB1F82C877219002166B7 /* Authentication */,
				23EFB1FA2C877219002166B7 /* Profile */,
				23EFB1FC2C877219002166B7 /* Root */,
			);
			path = Core;
			sourceTree = "<group>";
		};
		23EFB2042C877229002166B7 /* Model */ = {
			isa = PBXGroup;
			children = (
				23EFB2032C877229002166B7 /* User.swift */,
			);
			path = Model;
			sourceTree = "<group>";
		};
		23EFB2092C8772B3002166B7 /* Preview Content */ = {
			isa = PBXGroup;
			children = (
				23EFB2082C8772B3002166B7 /* Preview Assets.xcassets */,
			);
			path = "Preview Content";
			sourceTree = "<group>";
		};
/* End PBXGroup section */

/* Begin PBXNativeTarget section */
		233FF8372C2B6714006724FB /* dali-app */ = {
			isa = PBXNativeTarget;
			buildConfigurationList = 233FF85C2C2B6715006724FB /* Build configuration list for PBXNativeTarget "dali-app" */;
			buildPhases = (
				233FF8342C2B6714006724FB /* Sources */,
				233FF8352C2B6714006724FB /* Frameworks */,
				233FF8362C2B6714006724FB /* Resources */,
			);
			buildRules = (
			);
			dependencies = (
			);
			name = "dali-app";
			packageProductDependencies = (
				2383CC372C7EE0F30006B555 /* FirebaseAuth */,
				2383CC392C7EE0F30006B555 /* FirebaseFirestore */,
			);
			productName = "dali-app";
			productReference = 233FF8382C2B6714006724FB /* dali-app.app */;
			productType = "com.apple.product-type.application";
		};
/* End PBXNativeTarget section */

/* Begin PBXProject section */
		233FF8302C2B6714006724FB /* Project object */ = {
			isa = PBXProject;
			attributes = {
				BuildIndependentTargetsInParallel = 1;
				LastSwiftUpdateCheck = 1600;
				LastUpgradeCheck = 1600;
				TargetAttributes = {
					233FF8372C2B6714006724FB = {
						CreatedOnToolsVersion = 16.0;
					};
				};
			};
			buildConfigurationList = 233FF8332C2B6714006724FB /* Build configuration list for PBXProject "dali-app" */;
			compatibilityVersion = "Xcode 15.0";
			developmentRegion = en;
			hasScannedForEncodings = 0;
			knownRegions = (
				en,
				Base,
			);
			mainGroup = 233FF82F2C2B6714006724FB;
			packageReferences = (
				2383CC362C7EE0F30006B555 /* XCRemoteSwiftPackageReference "firebase-ios-sdk" */,
			);
			productRefGroup = 233FF8392C2B6714006724FB /* Products */;
			projectDirPath = "";
			projectRoot = "";
			targets = (
				233FF8372C2B6714006724FB /* dali-app */,
			);
		};
/* End PBXProject section */

/* Begin PBXResourcesBuildPhase section */
		233FF8362C2B6714006724FB /* Resources */ = {
			isa = PBXResourcesBuildPhase;
			buildActionMask = 2147483647;
			files = (
				233FF8402C2B6715006724FB /* Assets.xcassets in Resources */,
				23EFB20A2C8772B3002166B7 /* Preview Assets.xcassets in Resources */,
				23EFB20C2C877396002166B7 /* GoogleService-Info.plist in Resources */,
			);
			runOnlyForDeploymentPostprocessing = 0;
		};
/* End PBXResourcesBuildPhase section */

/* Begin PBXSourcesBuildPhase section */
		233FF8342C2B6714006724FB /* Sources */ = {
			isa = PBXSourcesBuildPhase;
			buildActionMask = 2147483647;
			files = (
				23EFB1ED2C877202002166B7 /* DaliAPPApp.swift in Sources */,
				23EFB1F12C87720B002166B7 /* SettingRowView.swift in Sources */,
				23EFB1F22C87720B002166B7 /* InputView.swift in Sources */,
				23EFB1FE2C877219002166B7 /* AuthViewModel.swift in Sources */,
				23EFB1FF2C877219002166B7 /* ProfileView.swift in Sources */,
				23EFB2052C877229002166B7 /* User.swift in Sources */,
				23EFB2002C877219002166B7 /* LoginView.swift in Sources */,
				23EFB2012C877219002166B7 /* ContentView.swift in Sources */,
				23EFB2022C877219002166B7 /* RegistrationView.swift in Sources */,
			);
			runOnlyForDeploymentPostprocessing = 0;
		};
/* End PBXSourcesBuildPhase section */

/* Begin XCBuildConfiguration section */
		233FF85A2C2B6715006724FB /* Debug */ = {
			isa = XCBuildConfiguration;
			buildSettings = {
				ALWAYS_SEARCH_USER_PATHS = NO;
				ASSETCATALOG_COMPILER_GENERATE_SWIFT_ASSET_SYMBOL_EXTENSIONS = YES;
				CLANG_ANALYZER_NONNULL = YES;
				CLANG_ANALYZER_NUMBER_OBJECT_CONVERSION = YES_AGGRESSIVE;
				CLANG_CXX_LANGUAGE_STANDARD = "gnu++20";
				CLANG_ENABLE_MODULES = YES;
				CLANG_ENABLE_OBJC_ARC = YES;
				CLANG_ENABLE_OBJC_WEAK = YES;
				CLANG_WARN_BLOCK_CAPTURE_AUTORELEASING = YES;
				CLANG_WARN_BOOL_CONVERSION = YES;
				CLANG_WARN_COMMA = YES;
				CLANG_WARN_CONSTANT_CONVERSION = YES;
				CLANG_WARN_DEPRECATED_OBJC_IMPLEMENTATIONS = YES;
				CLANG_WARN_DIRECT_OBJC_ISA_USAGE = YES_ERROR;
				CLANG_WARN_DOCUMENTATION_COMMENTS = YES;
				CLANG_WARN_EMPTY_BODY = YES;
				CLANG_WARN_ENUM_CONVERSION = YES;
				CLANG_WARN_INFINITE_RECURSION = YES;
				CLANG_WARN_INT_CONVERSION = YES;
				CLANG_WARN_NON_LITERAL_NULL_CONVERSION = YES;
				CLANG_WARN_OBJC_IMPLICIT_RETAIN_SELF = YES;
				CLANG_WARN_OBJC_LITERAL_CONVERSION = YES;
				CLANG_WARN_OBJC_ROOT_CLASS = YES_ERROR;
				CLANG_WARN_QUOTED_INCLUDE_IN_FRAMEWORK_HEADER = YES;
				CLANG_WARN_RANGE_LOOP_ANALYSIS = YES;
				CLANG_WARN_STRICT_PROTOTYPES = YES;
				CLANG_WARN_SUSPICIOUS_MOVE = YES;
				CLANG_WARN_UNGUARDED_AVAILABILITY = YES_AGGRESSIVE;
				CLANG_WARN_UNREACHABLE_CODE = YES;
				CLANG_WARN__DUPLICATE_METHOD_MATCH = YES;
				COPY_PHASE_STRIP = NO;
				DEBUG_INFORMATION_FORMAT = dwarf;
				ENABLE_STRICT_OBJC_MSGSEND = YES;
				ENABLE_TESTABILITY = YES;
				ENABLE_USER_SCRIPT_SANDBOXING = YES;
				GCC_C_LANGUAGE_STANDARD = gnu17;
				GCC_DYNAMIC_NO_PIC = NO;
				GCC_NO_COMMON_BLOCKS = YES;
				GCC_OPTIMIZATION_LEVEL = 0;
				GCC_PREPROCESSOR_DEFINITIONS = (
					"DEBUG=1",
					"$(inherited)",
				);
				GCC_WARN_64_TO_32_BIT_CONVERSION = YES;
				GCC_WARN_ABOUT_RETURN_TYPE = YES_ERROR;
				GCC_WARN_UNDECLARED_SELECTOR = YES;
				GCC_WARN_UNINITIALIZED_AUTOS = YES_AGGRESSIVE;
				GCC_WARN_UNUSED_FUNCTION = YES;
				GCC_WARN_UNUSED_VARIABLE = YES;
				IPHONEOS_DEPLOYMENT_TARGET = 18.0;
				LOCALIZATION_PREFERS_STRING_CATALOGS = YES;
				MTL_ENABLE_DEBUG_INFO = INCLUDE_SOURCE;
				MTL_FAST_MATH = YES;
				ONLY_ACTIVE_ARCH = YES;
				SDKROOT = iphoneos;
				SWIFT_ACTIVE_COMPILATION_CONDITIONS = "DEBUG $(inherited)";
				SWIFT_OPTIMIZATION_LEVEL = "-Onone";
			};
			name = Debug;
		};
		233FF85B2C2B6715006724FB /* Release */ = {
			isa = XCBuildConfiguration;
			buildSettings = {
				ALWAYS_SEARCH_USER_PATHS = NO;
				ASSETCATALOG_COMPILER_GENERATE_SWIFT_ASSET_SYMBOL_EXTENSIONS = YES;
				CLANG_ANALYZER_NONNULL = YES;
				CLANG_ANALYZER_NUMBER_OBJECT_CONVERSION = YES_AGGRESSIVE;
				CLANG_CXX_LANGUAGE_STANDARD = "gnu++20";
				CLANG_ENABLE_MODULES = YES;
				CLANG_ENABLE_OBJC_ARC = YES;
				CLANG_ENABLE_OBJC_WEAK = YES;
				CLANG_WARN_BLOCK_CAPTURE_AUTORELEASING = YES;
				CLANG_WARN_BOOL_CONVERSION = YES;
				CLANG_WARN_COMMA = YES;
				CLANG_WARN_CONSTANT_CONVERSION = YES;
				CLANG_WARN_DEPRECATED_OBJC_IMPLEMENTATIONS = YES;
				CLANG_WARN_DIRECT_OBJC_ISA_USAGE = YES_ERROR;
				CLANG_WARN_DOCUMENTATION_COMMENTS = YES;
				CLANG_WARN_EMPTY_BODY = YES;
				CLANG_WARN_ENUM_CONVERSION = YES;
				CLANG_WARN_INFINITE_RECURSION = YES;
				CLANG_WARN_INT_CONVERSION = YES;
				CLANG_WARN_NON_LITERAL_NULL_CONVERSION = YES;
				CLANG_WARN_OBJC_IMPLICIT_RETAIN_SELF = YES;
				CLANG_WARN_OBJC_LITERAL_CONVERSION = YES;
				CLANG_WARN_OBJC_ROOT_CLASS = YES_ERROR;
				CLANG_WARN_QUOTED_INCLUDE_IN_FRAMEWORK_HEADER = YES;
				CLANG_WARN_RANGE_LOOP_ANALYSIS = YES;
				CLANG_WARN_STRICT_PROTOTYPES = YES;
				CLANG_WARN_SUSPICIOUS_MOVE = YES;
				CLANG_WARN_UNGUARDED_AVAILABILITY = YES_AGGRESSIVE;
				CLANG_WARN_UNREACHABLE_CODE = YES;
				CLANG_WARN__DUPLICATE_METHOD_MATCH = YES;
				COPY_PHASE_STRIP = NO;
				DEBUG_INFORMATION_FORMAT = "dwarf-with-dsym";
				ENABLE_NS_ASSERTIONS = NO;
				ENABLE_STRICT_OBJC_MSGSEND = YES;
				ENABLE_USER_SCRIPT_SANDBOXING = YES;
				GCC_C_LANGUAGE_STANDARD = gnu17;
				GCC_NO_COMMON_BLOCKS = YES;
				GCC_WARN_64_TO_32_BIT_CONVERSION = YES;
				GCC_WARN_ABOUT_RETURN_TYPE = YES_ERROR;
				GCC_WARN_UNDECLARED_SELECTOR = YES;
				GCC_WARN_UNINITIALIZED_AUTOS = YES_AGGRESSIVE;
				GCC_WARN_UNUSED_FUNCTION = YES;
				GCC_WARN_UNUSED_VARIABLE = YES;
				IPHONEOS_DEPLOYMENT_TARGET = 18.0;
				LOCALIZATION_PREFERS_STRING_CATALOGS = YES;
				MTL_ENABLE_DEBUG_INFO = NO;
				MTL_FAST_MATH = YES;
				SDKROOT = iphoneos;
				SWIFT_COMPILATION_MODE = wholemodule;
				VALIDATE_PRODUCT = YES;
			};
			name = Release;
		};
		233FF85D2C2B6715006724FB /* Debug */ = {
			isa = XCBuildConfiguration;
			buildSettings = {
				ASSETCATALOG_COMPILER_APPICON_NAME = AppIcon;
				ASSETCATALOG_COMPILER_GLOBAL_ACCENT_COLOR_NAME = AccentColor;
				CODE_SIGN_STYLE = Automatic;
				CURRENT_PROJECT_VERSION = 1;
				DEVELOPMENT_ASSET_PATHS = "\"dali-app/Preview Content\"";
				DEVELOPMENT_TEAM = T5V7BVT8BC;
				ENABLE_PREVIEWS = YES;
				GENERATE_INFOPLIST_FILE = YES;
				INFOPLIST_KEY_UIApplicationSceneManifest_Generation = YES;
				INFOPLIST_KEY_UIApplicationSupportsIndirectInputEvents = YES;
				INFOPLIST_KEY_UILaunchScreen_Generation = YES;
				INFOPLIST_KEY_UISupportedInterfaceOrientations = UIInterfaceOrientationPortrait;
				LD_RUNPATH_SEARCH_PATHS = (
					"$(inherited)",
					"@executable_path/Frameworks",
				);
				MARKETING_VERSION = 1.0;
				PRODUCT_BUNDLE_IDENTIFIER = "com.dali-app";
				PRODUCT_NAME = "$(TARGET_NAME)";
				SWIFT_EMIT_LOC_STRINGS = YES;
				SWIFT_VERSION = 5.0;
				TARGETED_DEVICE_FAMILY = "1,2";
			};
			name = Debug;
		};
		233FF85E2C2B6715006724FB /* Release */ = {
			isa = XCBuildConfiguration;
			buildSettings = {
				ASSETCATALOG_COMPILER_APPICON_NAME = AppIcon;
				ASSETCATALOG_COMPILER_GLOBAL_ACCENT_COLOR_NAME = AccentColor;
				CODE_SIGN_STYLE = Automatic;
				CURRENT_PROJECT_VERSION = 1;
				DEVELOPMENT_ASSET_PATHS = "\"dali-app/Preview Content\"";
				DEVELOPMENT_TEAM = T5V7BVT8BC;
				ENABLE_PREVIEWS = YES;
				GENERATE_INFOPLIST_FILE = YES;
				INFOPLIST_KEY_UIApplicationSceneManifest_Generation = YES;
				INFOPLIST_KEY_UIApplicationSupportsIndirectInputEvents = YES;
				INFOPLIST_KEY_UILaunchScreen_Generation = YES;
				INFOPLIST_KEY_UISupportedInterfaceOrientations = UIInterfaceOrientationPortrait;
				LD_RUNPATH_SEARCH_PATHS = (
					"$(inherited)",
					"@executable_path/Frameworks",
				);
				MARKETING_VERSION = 1.0;
				PRODUCT_BUNDLE_IDENTIFIER = "com.dali-app";
				PRODUCT_NAME = "$(TARGET_NAME)";
				SWIFT_EMIT_LOC_STRINGS = YES;
				SWIFT_VERSION = 5.0;
				TARGETED_DEVICE_FAMILY = "1,2";
			};
			name = Release;
		};
/* End XCBuildConfiguration section */

/* Begin XCConfigurationList section */
		233FF8332C2B6714006724FB /* Build configuration list for PBXProject "dali-app" */ = {
			isa = XCConfigurationList;
			buildConfigurations = (
				233FF85A2C2B6715006724FB /* Debug */,
				233FF85B2C2B6715006724FB /* Release */,
			);
			defaultConfigurationIsVisible = 0;
			defaultConfigurationName = Release;
		};
		233FF85C2C2B6715006724FB /* Build configuration list for PBXNativeTarget "dali-app" */ = {
			isa = XCConfigurationList;
			buildConfigurations = (
				233FF85D2C2B6715006724FB /* Debug */,
				233FF85E2C2B6715006724FB /* Release */,
			);
			defaultConfigurationIsVisible = 0;
			defaultConfigurationName = Release;
		};
/* End XCConfigurationList section */

/* Begin XCRemoteSwiftPackageReference section */
		2383CC362C7EE0F30006B555 /* XCRemoteSwiftPackageReference "firebase-ios-sdk" */ = {
			isa = XCRemoteSwiftPackageReference;
			repositoryURL = "https://github.com/firebase/firebase-ios-sdk";
			requirement = {
				kind = exactVersion;
				version = 10.9.0;
			};
		};
/* End XCRemoteSwiftPackageReference section */

/* Begin XCSwiftPackageProductDependency section */
		2383CC372C7EE0F30006B555 /* FirebaseAuth */ = {
			isa = XCSwiftPackageProductDependency;
			package = 2383CC362C7EE0F30006B555 /* XCRemoteSwiftPackageReference "firebase-ios-sdk" */;
			productName = FirebaseAuth;
		};
		2383CC392C7EE0F30006B555 /* FirebaseFirestore */ = {
			isa = XCSwiftPackageProductDependency;
			package = 2383CC362C7EE0F30006B555 /* XCRemoteSwiftPackageReference "firebase-ios-sdk" */;
			productName = FirebaseFirestore;
		};
/* End XCSwiftPackageProductDependency section */
	};
	rootObject = 233FF8302C2B6714006724FB /* Project object */;
}
